{
  "name": "hug-models",
  "version": "0.2.0",
  "lockfileVersion": 3,
  "requires": true,
  "packages": {
    "": {
      "name": "hug-models",
      "version": "0.2.0",
      "license": "MIT",
      "bin": {
        "hug-models": "src/cli.js"
      },
      "engines": {
        "node": ">=18"
      }
    }
  }
}
